
Microsoft Visual Studio Solution File, Format Version 12.00
# Visual Studio 15
Project("{FAE04EC0-301F-11D3-BF4B-00C04F79EFBC}") = "Unity.Timeline", "Unity.Timeline.csproj", "{FBE603D7-23FA-DC59-F90A-34270BAFC942}"
EndProject
Project("{FAE04EC0-301F-11D3-BF4B-00C04F79EFBC}") = "Unity.RenderPipelines.GPUDriven.Runtime", "Unity.RenderPipelines.GPUDriven.Runtime.csproj", "{EF36ED0D-9CE8-5583-F0CC-0D6C28342A06}"
EndProject
Project("{FAE04EC0-301F-11D3-BF4B-00C04F79EFBC}") = "Unity.PlasticSCM.Editor", "Unity.PlasticSCM.Editor.csproj", "{67C9462B-A819-9195-2F1C-D4DB937EE662}"
EndProject
Project("{FAE04EC0-301F-11D3-BF4B-00C04F79EFBC}") = "Unity.ShaderGraph.Editor", "Unity.ShaderGraph.Editor.csproj", "{D8D3A4A7-8B26-D532-8E35-1674BF74A93F}"
EndProject
Project("{FAE04EC0-301F-11D3-BF4B-00C04F79EFBC}") = "Unity.RenderPipelines.Core.Runtime", "Unity.RenderPipelines.Core.Runtime.csproj", "{9ABDE324-293F-7F15-16FA-D637F2381725}"
EndProject
Project("{FAE04EC0-301F-11D3-BF4B-00C04F79EFBC}") = "Unity.Mathematics", "Unity.Mathematics.csproj", "{779484C9-447D-0339-E97C-6981105F7C18}"
EndProject
Project("{FAE04EC0-301F-11D3-BF4B-00C04F79EFBC}") = "Unity.Timeline.Editor", "Unity.Timeline.Editor.csproj", "{A920C2AA-A3CF-306D-52C5-13B1F26D5079}"
EndProject
Project("{FAE04EC0-301F-11D3-BF4B-00C04F79EFBC}") = "Unity.Multiplayer.Center.Editor", "Unity.Multiplayer.Center.Editor.csproj", "{C7BC21EC-A11F-519C-C2C8-594DA17C2E18}"
EndProject
Project("{FAE04EC0-301F-11D3-BF4B-00C04F79EFBC}") = "Unity.RenderPipelines.Core.Editor", "Unity.RenderPipelines.Core.Editor.csproj", "{D56AB8A1-57A0-6A4C-2149-35634ACC8E63}"
EndProject
Project("{FAE04EC0-301F-11D3-BF4B-00C04F79EFBC}") = "Unity.Collections", "Unity.Collections.csproj", "{CB091B19-DE9D-7542-5E91-0762577F4C40}"
EndProject
Project("{FAE04EC0-301F-11D3-BF4B-00C04F79EFBC}") = "UnityEngine.UI", "UnityEngine.UI.csproj", "{93C764E7-D140-5474-F1AC-8B4B2CFFCB5D}"
EndProject
Project("{FAE04EC0-301F-11D3-BF4B-00C04F79EFBC}") = "Unity.RenderPipelines.Universal.2D.Runtime", "Unity.RenderPipelines.Universal.2D.Runtime.csproj", "{AFE8E98C-94A4-1713-A419-334615044990}"
EndProject
Project("{FAE04EC0-301F-11D3-BF4B-00C04F79EFBC}") = "Unity.VisualScripting.Core.Editor", "Unity.VisualScripting.Core.Editor.csproj", "{0AF5ACA6-08D5-8808-A186-E7C35BB9CCC5}"
EndProject
Project("{FAE04EC0-301F-11D3-BF4B-00C04F79EFBC}") = "Unity.RenderPipelines.Universal.Editor", "Unity.RenderPipelines.Universal.Editor.csproj", "{DD635FD1-2694-0516-AAEB-6B89F2F85F2D}"
EndProject
Project("{FAE04EC0-301F-11D3-BF4B-00C04F79EFBC}") = "Unity.PerformanceTesting.Editor", "Unity.PerformanceTesting.Editor.csproj", "{6326E027-7CFA-2AF8-4D1C-6FFB3720F693}"
EndProject
Project("{FAE04EC0-301F-11D3-BF4B-00C04F79EFBC}") = "UnityEngine.TestRunner", "UnityEngine.TestRunner.csproj", "{0EEF8D71-5DE2-BB73-8484-2DB0445ED4AC}"
EndProject
Project("{FAE04EC0-301F-11D3-BF4B-00C04F79EFBC}") = "Unity.Burst", "Unity.Burst.csproj", "{153F24BA-069A-DE23-0EC2-EF366C654273}"
EndProject
Project("{FAE04EC0-301F-11D3-BF4B-00C04F79EFBC}") = "Unity.VisualScripting.Flow.Editor", "Unity.VisualScripting.Flow.Editor.csproj", "{B531D922-03E9-7558-88EB-025F833831BB}"
EndProject
Project("{FAE04EC0-301F-11D3-BF4B-00C04F79EFBC}") = "Unity.VisualStudio.Editor", "Unity.VisualStudio.Editor.csproj", "{54EB1C47-2007-7A6D-E090-E1D5EF45037D}"
EndProject
Project("{FAE04EC0-301F-11D3-BF4B-00C04F79EFBC}") = "Unity.InputSystem", "Unity.InputSystem.csproj", "{AD90269B-86B1-21A2-6573-BF273A23D5CD}"
EndProject
Project("{FAE04EC0-301F-11D3-BF4B-00C04F79EFBC}") = "PPv2URPConverters", "PPv2URPConverters.csproj", "{2704873F-48CC-E009-D14C-ECC596443BC4}"
EndProject
Project("{FAE04EC0-301F-11D3-BF4B-00C04F79EFBC}") = "Unity.Searcher.Editor", "Unity.Searcher.Editor.csproj", "{CEBDF9CE-A061-B9C1-765C-B11614C3340B}"
EndProject
Project("{FAE04EC0-301F-11D3-BF4B-00C04F79EFBC}") = "UnityEditor.TestRunner", "UnityEditor.TestRunner.csproj", "{5B89BC16-F9F6-14E4-1893-ABDC1012D696}"
EndProject
Project("{FAE04EC0-301F-11D3-BF4B-00C04F79EFBC}") = "Unity.VisualScripting.Core", "Unity.VisualScripting.Core.csproj", "{E09C4C09-9747-C5E9-15B8-B4208977FB3F}"
EndProject
Project("{FAE04EC0-301F-11D3-BF4B-00C04F79EFBC}") = "Unity.RenderPipelines.Universal.Runtime", "Unity.RenderPipelines.Universal.Runtime.csproj", "{F4990D1F-595B-08A4-F44E-837205BA2143}"
EndProject
Project("{FAE04EC0-301F-11D3-BF4B-00C04F79EFBC}") = "Unity.CollabProxy.Editor", "Unity.CollabProxy.Editor.csproj", "{8EF41B71-40CD-63EA-48E9-09ED078B2828}"
EndProject
Project("{FAE04EC0-301F-11D3-BF4B-00C04F79EFBC}") = "Unity.AI.Navigation.Editor.ConversionSystem", "Unity.AI.Navigation.Editor.ConversionSystem.csproj", "{1295F275-8E1C-2303-CFB5-C4BD68CD5234}"
EndProject
Project("{FAE04EC0-301F-11D3-BF4B-00C04F79EFBC}") = "Unity.VisualScripting.State.Editor", "Unity.VisualScripting.State.Editor.csproj", "{E3114DBF-C358-85DE-5465-0D7F3344421F}"
EndProject
Project("{FAE04EC0-301F-11D3-BF4B-00C04F79EFBC}") = "Unity.Burst.CodeGen", "Unity.Burst.CodeGen.csproj", "{B0EDE94D-8D69-6A40-68B2-74447A557CDD}"
EndProject
Project("{FAE04EC0-301F-11D3-BF4B-00C04F79EFBC}") = "Unity.VisualScripting.Flow", "Unity.VisualScripting.Flow.csproj", "{2461D95B-AE16-70F8-597B-3FC9A1F7E5B0}"
EndProject
Project("{FAE04EC0-301F-11D3-BF4B-00C04F79EFBC}") = "Assembly-CSharp", "Assembly-CSharp.csproj", "{99852264-1731-FF36-CC82-E0ECB2DDA2D1}"
EndProject
Project("{FAE04EC0-301F-11D3-BF4B-00C04F79EFBC}") = "Unity.PerformanceTesting", "Unity.PerformanceTesting.csproj", "{C2F10A2D-5DA8-9C2A-6A65-6A22140C9C39}"
EndProject
Project("{FAE04EC0-301F-11D3-BF4B-00C04F79EFBC}") = "Unity.TextMeshPro", "Unity.TextMeshPro.csproj", "{D5DBBBA0-5717-E32E-65E6-B7B9BA1B6D8A}"
EndProject
Project("{FAE04EC0-301F-11D3-BF4B-00C04F79EFBC}") = "Unity.TextMeshPro.Editor", "Unity.TextMeshPro.Editor.csproj", "{F3D59338-2BFD-3ED6-1B0B-0C4EEDFC74AA}"
EndProject
Project("{FAE04EC0-301F-11D3-BF4B-00C04F79EFBC}") = "Unity.Rendering.LightTransport.Runtime", "Unity.Rendering.LightTransport.Runtime.csproj", "{CF01CA0C-1C3A-57DB-559D-C225F3606970}"
EndProject
Project("{FAE04EC0-301F-11D3-BF4B-00C04F79EFBC}") = "Unity.Burst.Editor", "Unity.Burst.Editor.csproj", "{41851E93-CAD0-2A67-6C04-7728359F5ACC}"
EndProject
Project("{FAE04EC0-301F-11D3-BF4B-00C04F79EFBC}") = "Unity.Rider.Editor", "Unity.Rider.Editor.csproj", "{EDBBC50C-F8BB-FD5B-3C98-8B216F50CC1A}"
EndProject
Project("{FAE04EC0-301F-11D3-BF4B-00C04F79EFBC}") = "Unity.VisualScripting.State", "Unity.VisualScripting.State.csproj", "{C27DCA33-6BFA-E719-25BE-4A1C54C88E76}"
EndProject
Project("{FAE04EC0-301F-11D3-BF4B-00C04F79EFBC}") = "Unity.AI.Navigation.Updater", "Unity.AI.Navigation.Updater.csproj", "{4F4A2A4E-A0BB-CB7F-C04F-DB641F6A1457}"
EndProject
Project("{FAE04EC0-301F-11D3-BF4B-00C04F79EFBC}") = "UnityEditor.UI", "UnityEditor.UI.csproj", "{F7FD053A-FD6D-ABB7-5832-AF3C85725242}"
EndProject
Project("{FAE04EC0-301F-11D3-BF4B-00C04F79EFBC}") = "Unity.AI.Navigation.Editor", "Unity.AI.Navigation.Editor.csproj", "{4366F31C-48C9-349A-973C-F9B15E7DE9E5}"
EndProject
Project("{FAE04EC0-301F-11D3-BF4B-00C04F79EFBC}") = "Unity.Multiplayer.Center.Common", "Unity.Multiplayer.Center.Common.csproj", "{CC1E1F5C-7D9D-C889-B03C-3CC2F6C1C7AD}"
EndProject
Project("{FAE04EC0-301F-11D3-BF4B-00C04F79EFBC}") = "Unity.InputSystem.ForUI", "Unity.InputSystem.ForUI.csproj", "{DA781DE4-FBB1-8AA2-F7AA-918FC7B3FADA}"
EndProject
Project("{FAE04EC0-301F-11D3-BF4B-00C04F79EFBC}") = "Unity.AI.Navigation", "Unity.AI.Navigation.csproj", "{AD602617-D10A-6543-3184-FF72A7692154}"
EndProject
Project("{FAE04EC0-301F-11D3-BF4B-00C04F79EFBC}") = "Unity.Collections.CodeGen", "Unity.Collections.CodeGen.csproj", "{B9DBBC2D-F2B8-5A37-186F-AA2DB3391E75}"
EndProject
Project("{FAE04EC0-301F-11D3-BF4B-00C04F79EFBC}") = "Unity.Mathematics.Editor", "Unity.Mathematics.Editor.csproj", "{33FF7EE7-0D34-2775-E057-C4E570B5ACD8}"
EndProject
Project("{FAE04EC0-301F-11D3-BF4B-00C04F79EFBC}") = "Unity.VisualScripting.SettingsProvider.Editor", "Unity.VisualScripting.SettingsProvider.Editor.csproj", "{FC759201-7E43-EC14-FE17-63200040CBFE}"
EndProject
Project("{FAE04EC0-301F-11D3-BF4B-00C04F79EFBC}") = "Assembly-CSharp-Editor", "Assembly-CSharp-Editor.csproj", "{6FFBB542-29C2-9359-9C76-EA5A44761364}"
EndProject
Project("{FAE04EC0-301F-11D3-BF4B-00C04F79EFBC}") = "Unity.InputSystem.TestFramework", "Unity.InputSystem.TestFramework.csproj", "{849BD140-CA99-BC1E-D26E-D5775FAA2DF9}"
EndProject
Project("{FAE04EC0-301F-11D3-BF4B-00C04F79EFBC}") = "Unity.ShaderGraph.Utilities", "Unity.ShaderGraph.Utilities.csproj", "{E2417C87-D19A-2D32-C227-55CE3FF5B1F9}"
EndProject
Project("{FAE04EC0-301F-11D3-BF4B-00C04F79EFBC}") = "Unity.VisualScripting.Shared.Editor", "Unity.VisualScripting.Shared.Editor.csproj", "{8B41C492-1861-A4DD-A94C-219704B55D74}"
EndProject
Project("{FAE04EC0-301F-11D3-BF4B-00C04F79EFBC}") = "Unity.RenderPipeline.Universal.ShaderLibrary", "Unity.RenderPipeline.Universal.ShaderLibrary.csproj", "{DA97270E-5D65-CA00-B5E3-37B920C3CC4C}"
EndProject
Project("{FAE04EC0-301F-11D3-BF4B-00C04F79EFBC}") = "Unity.Rendering.LightTransport.Editor", "Unity.Rendering.LightTransport.Editor.csproj", "{591FF076-1B4B-3A6F-7D67-6A1EE1247BE1}"
EndProject
Project("{FAE04EC0-301F-11D3-BF4B-00C04F79EFBC}") = "Unity.InputSystem.DocCodeSamples", "Unity.InputSystem.DocCodeSamples.csproj", "{8CF76A2C-1B09-B937-DE79-751FD3DDE221}"
EndProject
Project("{FAE04EC0-301F-11D3-BF4B-00C04F79EFBC}") = "Unity.RenderPipelines.Universal.Shaders", "Unity.RenderPipelines.Universal.Shaders.csproj", "{F6607C95-3790-70C4-2CAF-DFE821B85864}"
EndProject
Project("{FAE04EC0-301F-11D3-BF4B-00C04F79EFBC}") = "Unity.RenderPipelines.Core.Runtime.Shared", "Unity.RenderPipelines.Core.Runtime.Shared.csproj", "{FDD6E687-DB5D-7843-7200-5B9C7C679706}"
EndProject
Project("{FAE04EC0-301F-11D3-BF4B-00C04F79EFBC}") = "Unity.Collections.Editor", "Unity.Collections.Editor.csproj", "{62923456-283A-E392-F765-16D877B7B299}"
EndProject
Project("{FAE04EC0-301F-11D3-BF4B-00C04F79EFBC}") = "Unity.RenderPipelines.Universal.Config.Runtime", "Unity.RenderPipelines.Universal.Config.Runtime.csproj", "{E9CDB736-6AFA-9858-1D6E-0968E29D02AC}"
EndProject
Project("{FAE04EC0-301F-11D3-BF4B-00C04F79EFBC}") = "Unity.RenderPipelines.ShaderGraph.ShaderGraphLibrary", "Unity.RenderPipelines.ShaderGraph.ShaderGraphLibrary.csproj", "{A4D26759-59AD-3AF6-51B9-1E5046B075E2}"
EndProject
Project("{FAE04EC0-301F-11D3-BF4B-00C04F79EFBC}") = "Unity.RenderPipelines.Core.ShaderLibrary", "Unity.RenderPipelines.Core.ShaderLibrary.csproj", "{3E962491-1BB1-63CE-CE4A-AE6CD0D9E4A2}"
EndProject
Project("{FAE04EC0-301F-11D3-BF4B-00C04F79EFBC}") = "Unity.RenderPipelines.Core.Editor.Shared", "Unity.RenderPipelines.Core.Editor.Shared.csproj", "{5444B549-49EF-61E5-7EC6-6B1F08428998}"
EndProject
Global
	GlobalSection(SolutionConfigurationPlatforms) = preSolution
		Debug|Any CPU = Debug|Any CPU
		Release|Any CPU = Release|Any CPU
	EndGlobalSection
	GlobalSection(ProjectConfigurationPlatforms) = postSolution
		{FBE603D7-23FA-DC59-F90A-34270BAFC942}.Debug|Any CPU.ActiveCfg = Debug|Any CPU
		{FBE603D7-23FA-DC59-F90A-34270BAFC942}.Debug|Any CPU.Build.0 = Debug|Any CPU
		{FBE603D7-23FA-DC59-F90A-34270BAFC942}.Release|Any CPU.ActiveCfg = Release|Any CPU
		{FBE603D7-23FA-DC59-F90A-34270BAFC942}.Release|Any CPU.Build.0 = Release|Any CPU
		{EF36ED0D-9CE8-5583-F0CC-0D6C28342A06}.Debug|Any CPU.ActiveCfg = Debug|Any CPU
		{EF36ED0D-9CE8-5583-F0CC-0D6C28342A06}.Debug|Any CPU.Build.0 = Debug|Any CPU
		{EF36ED0D-9CE8-5583-F0CC-0D6C28342A06}.Release|Any CPU.ActiveCfg = Release|Any CPU
		{EF36ED0D-9CE8-5583-F0CC-0D6C28342A06}.Release|Any CPU.Build.0 = Release|Any CPU
		{67C9462B-A819-9195-2F1C-D4DB937EE662}.Debug|Any CPU.ActiveCfg = Debug|Any CPU
		{67C9462B-A819-9195-2F1C-D4DB937EE662}.Debug|Any CPU.Build.0 = Debug|Any CPU
		{67C9462B-A819-9195-2F1C-D4DB937EE662}.Release|Any CPU.ActiveCfg = Release|Any CPU
		{67C9462B-A819-9195-2F1C-D4DB937EE662}.Release|Any CPU.Build.0 = Release|Any CPU
		{D8D3A4A7-8B26-D532-8E35-1674BF74A93F}.Debug|Any CPU.ActiveCfg = Debug|Any CPU
		{D8D3A4A7-8B26-D532-8E35-1674BF74A93F}.Debug|Any CPU.Build.0 = Debug|Any CPU
		{D8D3A4A7-8B26-D532-8E35-1674BF74A93F}.Release|Any CPU.ActiveCfg = Release|Any CPU
		{D8D3A4A7-8B26-D532-8E35-1674BF74A93F}.Release|Any CPU.Build.0 = Release|Any CPU
		{9ABDE324-293F-7F15-16FA-D637F2381725}.Debug|Any CPU.ActiveCfg = Debug|Any CPU
		{9ABDE324-293F-7F15-16FA-D637F2381725}.Debug|Any CPU.Build.0 = Debug|Any CPU
		{9ABDE324-293F-7F15-16FA-D637F2381725}.Release|Any CPU.ActiveCfg = Release|Any CPU
		{9ABDE324-293F-7F15-16FA-D637F2381725}.Release|Any CPU.Build.0 = Release|Any CPU
		{779484C9-447D-0339-E97C-6981105F7C18}.Debug|Any CPU.ActiveCfg = Debug|Any CPU
		{779484C9-447D-0339-E97C-6981105F7C18}.Debug|Any CPU.Build.0 = Debug|Any CPU
		{779484C9-447D-0339-E97C-6981105F7C18}.Release|Any CPU.ActiveCfg = Release|Any CPU
		{779484C9-447D-0339-E97C-6981105F7C18}.Release|Any CPU.Build.0 = Release|Any CPU
		{A920C2AA-A3CF-306D-52C5-13B1F26D5079}.Debug|Any CPU.ActiveCfg = Debug|Any CPU
		{A920C2AA-A3CF-306D-52C5-13B1F26D5079}.Debug|Any CPU.Build.0 = Debug|Any CPU
		{A920C2AA-A3CF-306D-52C5-13B1F26D5079}.Release|Any CPU.ActiveCfg = Release|Any CPU
		{A920C2AA-A3CF-306D-52C5-13B1F26D5079}.Release|Any CPU.Build.0 = Release|Any CPU
		{C7BC21EC-A11F-519C-C2C8-594DA17C2E18}.Debug|Any CPU.ActiveCfg = Debug|Any CPU
		{C7BC21EC-A11F-519C-C2C8-594DA17C2E18}.Debug|Any CPU.Build.0 = Debug|Any CPU
		{C7BC21EC-A11F-519C-C2C8-594DA17C2E18}.Release|Any CPU.ActiveCfg = Release|Any CPU
		{C7BC21EC-A11F-519C-C2C8-594DA17C2E18}.Release|Any CPU.Build.0 = Release|Any CPU
		{D56AB8A1-57A0-6A4C-2149-35634ACC8E63}.Debug|Any CPU.ActiveCfg = Debug|Any CPU
		{D56AB8A1-57A0-6A4C-2149-35634ACC8E63}.Debug|Any CPU.Build.0 = Debug|Any CPU
		{D56AB8A1-57A0-6A4C-2149-35634ACC8E63}.Release|Any CPU.ActiveCfg = Release|Any CPU
		{D56AB8A1-57A0-6A4C-2149-35634ACC8E63}.Release|Any CPU.Build.0 = Release|Any CPU
		{CB091B19-DE9D-7542-5E91-0762577F4C40}.Debug|Any CPU.ActiveCfg = Debug|Any CPU
		{CB091B19-DE9D-7542-5E91-0762577F4C40}.Debug|Any CPU.Build.0 = Debug|Any CPU
		{CB091B19-DE9D-7542-5E91-0762577F4C40}.Release|Any CPU.ActiveCfg = Release|Any CPU
		{CB091B19-DE9D-7542-5E91-0762577F4C40}.Release|Any CPU.Build.0 = Release|Any CPU
		{93C764E7-D140-5474-F1AC-8B4B2CFFCB5D}.Debug|Any CPU.ActiveCfg = Debug|Any CPU
		{93C764E7-D140-5474-F1AC-8B4B2CFFCB5D}.Debug|Any CPU.Build.0 = Debug|Any CPU
		{93C764E7-D140-5474-F1AC-8B4B2CFFCB5D}.Release|Any CPU.ActiveCfg = Release|Any CPU
		{93C764E7-D140-5474-F1AC-8B4B2CFFCB5D}.Release|Any CPU.Build.0 = Release|Any CPU
		{AFE8E98C-94A4-1713-A419-334615044990}.Debug|Any CPU.ActiveCfg = Debug|Any CPU
		{AFE8E98C-94A4-1713-A419-334615044990}.Debug|Any CPU.Build.0 = Debug|Any CPU
		{AFE8E98C-94A4-1713-A419-334615044990}.Release|Any CPU.ActiveCfg = Release|Any CPU
		{AFE8E98C-94A4-1713-A419-334615044990}.Release|Any CPU.Build.0 = Release|Any CPU
		{0AF5ACA6-08D5-8808-A186-E7C35BB9CCC5}.Debug|Any CPU.ActiveCfg = Debug|Any CPU
		{0AF5ACA6-08D5-8808-A186-E7C35BB9CCC5}.Debug|Any CPU.Build.0 = Debug|Any CPU
		{0AF5ACA6-08D5-8808-A186-E7C35BB9CCC5}.Release|Any CPU.ActiveCfg = Release|Any CPU
		{0AF5ACA6-08D5-8808-A186-E7C35BB9CCC5}.Release|Any CPU.Build.0 = Release|Any CPU
		{DD635FD1-2694-0516-AAEB-6B89F2F85F2D}.Debug|Any CPU.ActiveCfg = Debug|Any CPU
		{DD635FD1-2694-0516-AAEB-6B89F2F85F2D}.Debug|Any CPU.Build.0 = Debug|Any CPU
		{DD635FD1-2694-0516-AAEB-6B89F2F85F2D}.Release|Any CPU.ActiveCfg = Release|Any CPU
		{DD635FD1-2694-0516-AAEB-6B89F2F85F2D}.Release|Any CPU.Build.0 = Release|Any CPU
		{6326E027-7CFA-2AF8-4D1C-6FFB3720F693}.Debug|Any CPU.ActiveCfg = Debug|Any CPU
		{6326E027-7CFA-2AF8-4D1C-6FFB3720F693}.Debug|Any CPU.Build.0 = Debug|Any CPU
		{6326E027-7CFA-2AF8-4D1C-6FFB3720F693}.Release|Any CPU.ActiveCfg = Release|Any CPU
		{6326E027-7CFA-2AF8-4D1C-6FFB3720F693}.Release|Any CPU.Build.0 = Release|Any CPU
		{0EEF8D71-5DE2-BB73-8484-2DB0445ED4AC}.Debug|Any CPU.ActiveCfg = Debug|Any CPU
		{0EEF8D71-5DE2-BB73-8484-2DB0445ED4AC}.Debug|Any CPU.Build.0 = Debug|Any CPU
		{0EEF8D71-5DE2-BB73-8484-2DB0445ED4AC}.Release|Any CPU.ActiveCfg = Release|Any CPU
		{0EEF8D71-5DE2-BB73-8484-2DB0445ED4AC}.Release|Any CPU.Build.0 = Release|Any CPU
		{153F24BA-069A-DE23-0EC2-EF366C654273}.Debug|Any CPU.ActiveCfg = Debug|Any CPU
		{153F24BA-069A-DE23-0EC2-EF366C654273}.Debug|Any CPU.Build.0 = Debug|Any CPU
		{153F24BA-069A-DE23-0EC2-EF366C654273}.Release|Any CPU.ActiveCfg = Release|Any CPU
		{153F24BA-069A-DE23-0EC2-EF366C654273}.Release|Any CPU.Build.0 = Release|Any CPU
		{B531D922-03E9-7558-88EB-025F833831BB}.Debug|Any CPU.ActiveCfg = Debug|Any CPU
		{B531D922-03E9-7558-88EB-025F833831BB}.Debug|Any CPU.Build.0 = Debug|Any CPU
		{B531D922-03E9-7558-88EB-025F833831BB}.Release|Any CPU.ActiveCfg = Release|Any CPU
		{B531D922-03E9-7558-88EB-025F833831BB}.Release|Any CPU.Build.0 = Release|Any CPU
		{54EB1C47-2007-7A6D-E090-E1D5EF45037D}.Debug|Any CPU.ActiveCfg = Debug|Any CPU
		{54EB1C47-2007-7A6D-E090-E1D5EF45037D}.Debug|Any CPU.Build.0 = Debug|Any CPU
		{54EB1C47-2007-7A6D-E090-E1D5EF45037D}.Release|Any CPU.ActiveCfg = Release|Any CPU
		{54EB1C47-2007-7A6D-E090-E1D5EF45037D}.Release|Any CPU.Build.0 = Release|Any CPU
		{AD90269B-86B1-21A2-6573-BF273A23D5CD}.Debug|Any CPU.ActiveCfg = Debug|Any CPU
		{AD90269B-86B1-21A2-6573-BF273A23D5CD}.Debug|Any CPU.Build.0 = Debug|Any CPU
		{AD90269B-86B1-21A2-6573-BF273A23D5CD}.Release|Any CPU.ActiveCfg = Release|Any CPU
		{AD90269B-86B1-21A2-6573-BF273A23D5CD}.Release|Any CPU.Build.0 = Release|Any CPU
		{2704873F-48CC-E009-D14C-ECC596443BC4}.Debug|Any CPU.ActiveCfg = Debug|Any CPU
		{2704873F-48CC-E009-D14C-ECC596443BC4}.Debug|Any CPU.Build.0 = Debug|Any CPU
		{2704873F-48CC-E009-D14C-ECC596443BC4}.Release|Any CPU.ActiveCfg = Release|Any CPU
		{2704873F-48CC-E009-D14C-ECC596443BC4}.Release|Any CPU.Build.0 = Release|Any CPU
		{CEBDF9CE-A061-B9C1-765C-B11614C3340B}.Debug|Any CPU.ActiveCfg = Debug|Any CPU
		{CEBDF9CE-A061-B9C1-765C-B11614C3340B}.Debug|Any CPU.Build.0 = Debug|Any CPU
		{CEBDF9CE-A061-B9C1-765C-B11614C3340B}.Release|Any CPU.ActiveCfg = Release|Any CPU
		{CEBDF9CE-A061-B9C1-765C-B11614C3340B}.Release|Any CPU.Build.0 = Release|Any CPU
		{5B89BC16-F9F6-14E4-1893-ABDC1012D696}.Debug|Any CPU.ActiveCfg = Debug|Any CPU
		{5B89BC16-F9F6-14E4-1893-ABDC1012D696}.Debug|Any CPU.Build.0 = Debug|Any CPU
		{5B89BC16-F9F6-14E4-1893-ABDC1012D696}.Release|Any CPU.ActiveCfg = Release|Any CPU
		{5B89BC16-F9F6-14E4-1893-ABDC1012D696}.Release|Any CPU.Build.0 = Release|Any CPU
		{E09C4C09-9747-C5E9-15B8-B4208977FB3F}.Debug|Any CPU.ActiveCfg = Debug|Any CPU
		{E09C4C09-9747-C5E9-15B8-B4208977FB3F}.Debug|Any CPU.Build.0 = Debug|Any CPU
		{E09C4C09-9747-C5E9-15B8-B4208977FB3F}.Release|Any CPU.ActiveCfg = Release|Any CPU
		{E09C4C09-9747-C5E9-15B8-B4208977FB3F}.Release|Any CPU.Build.0 = Release|Any CPU
		{F4990D1F-595B-08A4-F44E-837205BA2143}.Debug|Any CPU.ActiveCfg = Debug|Any CPU
		{F4990D1F-595B-08A4-F44E-837205BA2143}.Debug|Any CPU.Build.0 = Debug|Any CPU
		{F4990D1F-595B-08A4-F44E-837205BA2143}.Release|Any CPU.ActiveCfg = Release|Any CPU
		{F4990D1F-595B-08A4-F44E-837205BA2143}.Release|Any CPU.Build.0 = Release|Any CPU
		{8EF41B71-40CD-63EA-48E9-09ED078B2828}.Debug|Any CPU.ActiveCfg = Debug|Any CPU
		{8EF41B71-40CD-63EA-48E9-09ED078B2828}.Debug|Any CPU.Build.0 = Debug|Any CPU
		{8EF41B71-40CD-63EA-48E9-09ED078B2828}.Release|Any CPU.ActiveCfg = Release|Any CPU
		{8EF41B71-40CD-63EA-48E9-09ED078B2828}.Release|Any CPU.Build.0 = Release|Any CPU
		{1295F275-8E1C-2303-CFB5-C4BD68CD5234}.Debug|Any CPU.ActiveCfg = Debug|Any CPU
		{1295F275-8E1C-2303-CFB5-C4BD68CD5234}.Debug|Any CPU.Build.0 = Debug|Any CPU
		{1295F275-8E1C-2303-CFB5-C4BD68CD5234}.Release|Any CPU.ActiveCfg = Release|Any CPU
		{1295F275-8E1C-2303-CFB5-C4BD68CD5234}.Release|Any CPU.Build.0 = Release|Any CPU
		{E3114DBF-C358-85DE-5465-0D7F3344421F}.Debug|Any CPU.ActiveCfg = Debug|Any CPU
		{E3114DBF-C358-85DE-5465-0D7F3344421F}.Debug|Any CPU.Build.0 = Debug|Any CPU
		{E3114DBF-C358-85DE-5465-0D7F3344421F}.Release|Any CPU.ActiveCfg = Release|Any CPU
		{E3114DBF-C358-85DE-5465-0D7F3344421F}.Release|Any CPU.Build.0 = Release|Any CPU
		{B0EDE94D-8D69-6A40-68B2-74447A557CDD}.Debug|Any CPU.ActiveCfg = Debug|Any CPU
		{B0EDE94D-8D69-6A40-68B2-74447A557CDD}.Debug|Any CPU.Build.0 = Debug|Any CPU
		{B0EDE94D-8D69-6A40-68B2-74447A557CDD}.Release|Any CPU.ActiveCfg = Release|Any CPU
		{B0EDE94D-8D69-6A40-68B2-74447A557CDD}.Release|Any CPU.Build.0 = Release|Any CPU
		{2461D95B-AE16-70F8-597B-3FC9A1F7E5B0}.Debug|Any CPU.ActiveCfg = Debug|Any CPU
		{2461D95B-AE16-70F8-597B-3FC9A1F7E5B0}.Debug|Any CPU.Build.0 = Debug|Any CPU
		{2461D95B-AE16-70F8-597B-3FC9A1F7E5B0}.Release|Any CPU.ActiveCfg = Release|Any CPU
		{2461D95B-AE16-70F8-597B-3FC9A1F7E5B0}.Release|Any CPU.Build.0 = Release|Any CPU
		{99852264-1731-FF36-CC82-E0ECB2DDA2D1}.Debug|Any CPU.ActiveCfg = Debug|Any CPU
		{99852264-1731-FF36-CC82-E0ECB2DDA2D1}.Debug|Any CPU.Build.0 = Debug|Any CPU
		{99852264-1731-FF36-CC82-E0ECB2DDA2D1}.Release|Any CPU.ActiveCfg = Release|Any CPU
		{99852264-1731-FF36-CC82-E0ECB2DDA2D1}.Release|Any CPU.Build.0 = Release|Any CPU
		{C2F10A2D-5DA8-9C2A-6A65-6A22140C9C39}.Debug|Any CPU.ActiveCfg = Debug|Any CPU
		{C2F10A2D-5DA8-9C2A-6A65-6A22140C9C39}.Debug|Any CPU.Build.0 = Debug|Any CPU
		{C2F10A2D-5DA8-9C2A-6A65-6A22140C9C39}.Release|Any CPU.ActiveCfg = Release|Any CPU
		{C2F10A2D-5DA8-9C2A-6A65-6A22140C9C39}.Release|Any CPU.Build.0 = Release|Any CPU
		{D5DBBBA0-5717-E32E-65E6-B7B9BA1B6D8A}.Debug|Any CPU.ActiveCfg = Debug|Any CPU
		{D5DBBBA0-5717-E32E-65E6-B7B9BA1B6D8A}.Debug|Any CPU.Build.0 = Debug|Any CPU
		{D5DBBBA0-5717-E32E-65E6-B7B9BA1B6D8A}.Release|Any CPU.ActiveCfg = Release|Any CPU
		{D5DBBBA0-5717-E32E-65E6-B7B9BA1B6D8A}.Release|Any CPU.Build.0 = Release|Any CPU
		{F3D59338-2BFD-3ED6-1B0B-0C4EEDFC74AA}.Debug|Any CPU.ActiveCfg = Debug|Any CPU
		{F3D59338-2BFD-3ED6-1B0B-0C4EEDFC74AA}.Debug|Any CPU.Build.0 = Debug|Any CPU
		{F3D59338-2BFD-3ED6-1B0B-0C4EEDFC74AA}.Release|Any CPU.ActiveCfg = Release|Any CPU
		{F3D59338-2BFD-3ED6-1B0B-0C4EEDFC74AA}.Release|Any CPU.Build.0 = Release|Any CPU
		{CF01CA0C-1C3A-57DB-559D-C225F3606970}.Debug|Any CPU.ActiveCfg = Debug|Any CPU
		{CF01CA0C-1C3A-57DB-559D-C225F3606970}.Debug|Any CPU.Build.0 = Debug|Any CPU
		{CF01CA0C-1C3A-57DB-559D-C225F3606970}.Release|Any CPU.ActiveCfg = Release|Any CPU
		{CF01CA0C-1C3A-57DB-559D-C225F3606970}.Release|Any CPU.Build.0 = Release|Any CPU
		{41851E93-CAD0-2A67-6C04-7728359F5ACC}.Debug|Any CPU.ActiveCfg = Debug|Any CPU
		{41851E93-CAD0-2A67-6C04-7728359F5ACC}.Debug|Any CPU.Build.0 = Debug|Any CPU
		{41851E93-CAD0-2A67-6C04-7728359F5ACC}.Release|Any CPU.ActiveCfg = Release|Any CPU
		{41851E93-CAD0-2A67-6C04-7728359F5ACC}.Release|Any CPU.Build.0 = Release|Any CPU
		{EDBBC50C-F8BB-FD5B-3C98-8B216F50CC1A}.Debug|Any CPU.ActiveCfg = Debug|Any CPU
		{EDBBC50C-F8BB-FD5B-3C98-8B216F50CC1A}.Debug|Any CPU.Build.0 = Debug|Any CPU
		{EDBBC50C-F8BB-FD5B-3C98-8B216F50CC1A}.Release|Any CPU.ActiveCfg = Release|Any CPU
		{EDBBC50C-F8BB-FD5B-3C98-8B216F50CC1A}.Release|Any CPU.Build.0 = Release|Any CPU
		{C27DCA33-6BFA-E719-25BE-4A1C54C88E76}.Debug|Any CPU.ActiveCfg = Debug|Any CPU
		{C27DCA33-6BFA-E719-25BE-4A1C54C88E76}.Debug|Any CPU.Build.0 = Debug|Any CPU
		{C27DCA33-6BFA-E719-25BE-4A1C54C88E76}.Release|Any CPU.ActiveCfg = Release|Any CPU
		{C27DCA33-6BFA-E719-25BE-4A1C54C88E76}.Release|Any CPU.Build.0 = Release|Any CPU
		{4F4A2A4E-A0BB-CB7F-C04F-DB641F6A1457}.Debug|Any CPU.ActiveCfg = Debug|Any CPU
		{4F4A2A4E-A0BB-CB7F-C04F-DB641F6A1457}.Debug|Any CPU.Build.0 = Debug|Any CPU
		{4F4A2A4E-A0BB-CB7F-C04F-DB641F6A1457}.Release|Any CPU.ActiveCfg = Release|Any CPU
		{4F4A2A4E-A0BB-CB7F-C04F-DB641F6A1457}.Release|Any CPU.Build.0 = Release|Any CPU
		{F7FD053A-FD6D-ABB7-5832-AF3C85725242}.Debug|Any CPU.ActiveCfg = Debug|Any CPU
		{F7FD053A-FD6D-ABB7-5832-AF3C85725242}.Debug|Any CPU.Build.0 = Debug|Any CPU
		{F7FD053A-FD6D-ABB7-5832-AF3C85725242}.Release|Any CPU.ActiveCfg = Release|Any CPU
		{F7FD053A-FD6D-ABB7-5832-AF3C85725242}.Release|Any CPU.Build.0 = Release|Any CPU
		{4366F31C-48C9-349A-973C-F9B15E7DE9E5}.Debug|Any CPU.ActiveCfg = Debug|Any CPU
		{4366F31C-48C9-349A-973C-F9B15E7DE9E5}.Debug|Any CPU.Build.0 = Debug|Any CPU
		{4366F31C-48C9-349A-973C-F9B15E7DE9E5}.Release|Any CPU.ActiveCfg = Release|Any CPU
		{4366F31C-48C9-349A-973C-F9B15E7DE9E5}.Release|Any CPU.Build.0 = Release|Any CPU
		{CC1E1F5C-7D9D-C889-B03C-3CC2F6C1C7AD}.Debug|Any CPU.ActiveCfg = Debug|Any CPU
		{CC1E1F5C-7D9D-C889-B03C-3CC2F6C1C7AD}.Debug|Any CPU.Build.0 = Debug|Any CPU
		{CC1E1F5C-7D9D-C889-B03C-3CC2F6C1C7AD}.Release|Any CPU.ActiveCfg = Release|Any CPU
		{CC1E1F5C-7D9D-C889-B03C-3CC2F6C1C7AD}.Release|Any CPU.Build.0 = Release|Any CPU
		{DA781DE4-FBB1-8AA2-F7AA-918FC7B3FADA}.Debug|Any CPU.ActiveCfg = Debug|Any CPU
		{DA781DE4-FBB1-8AA2-F7AA-918FC7B3FADA}.Debug|Any CPU.Build.0 = Debug|Any CPU
		{DA781DE4-FBB1-8AA2-F7AA-918FC7B3FADA}.Release|Any CPU.ActiveCfg = Release|Any CPU
		{DA781DE4-FBB1-8AA2-F7AA-918FC7B3FADA}.Release|Any CPU.Build.0 = Release|Any CPU
		{AD602617-D10A-6543-3184-FF72A7692154}.Debug|Any CPU.ActiveCfg = Debug|Any CPU
		{AD602617-D10A-6543-3184-FF72A7692154}.Debug|Any CPU.Build.0 = Debug|Any CPU
		{AD602617-D10A-6543-3184-FF72A7692154}.Release|Any CPU.ActiveCfg = Release|Any CPU
		{AD602617-D10A-6543-3184-FF72A7692154}.Release|Any CPU.Build.0 = Release|Any CPU
		{B9DBBC2D-F2B8-5A37-186F-AA2DB3391E75}.Debug|Any CPU.ActiveCfg = Debug|Any CPU
		{B9DBBC2D-F2B8-5A37-186F-AA2DB3391E75}.Debug|Any CPU.Build.0 = Debug|Any CPU
		{B9DBBC2D-F2B8-5A37-186F-AA2DB3391E75}.Release|Any CPU.ActiveCfg = Release|Any CPU
		{B9DBBC2D-F2B8-5A37-186F-AA2DB3391E75}.Release|Any CPU.Build.0 = Release|Any CPU
		{33FF7EE7-0D34-2775-E057-C4E570B5ACD8}.Debug|Any CPU.ActiveCfg = Debug|Any CPU
		{33FF7EE7-0D34-2775-E057-C4E570B5ACD8}.Debug|Any CPU.Build.0 = Debug|Any CPU
		{33FF7EE7-0D34-2775-E057-C4E570B5ACD8}.Release|Any CPU.ActiveCfg = Release|Any CPU
		{33FF7EE7-0D34-2775-E057-C4E570B5ACD8}.Release|Any CPU.Build.0 = Release|Any CPU
		{FC759201-7E43-EC14-FE17-63200040CBFE}.Debug|Any CPU.ActiveCfg = Debug|Any CPU
		{FC759201-7E43-EC14-FE17-63200040CBFE}.Debug|Any CPU.Build.0 = Debug|Any CPU
		{FC759201-7E43-EC14-FE17-63200040CBFE}.Release|Any CPU.ActiveCfg = Release|Any CPU
		{FC759201-7E43-EC14-FE17-63200040CBFE}.Release|Any CPU.Build.0 = Release|Any CPU
		{6FFBB542-29C2-9359-9C76-EA5A44761364}.Debug|Any CPU.ActiveCfg = Debug|Any CPU
		{6FFBB542-29C2-9359-9C76-EA5A44761364}.Debug|Any CPU.Build.0 = Debug|Any CPU
		{6FFBB542-29C2-9359-9C76-EA5A44761364}.Release|Any CPU.ActiveCfg = Release|Any CPU
		{6FFBB542-29C2-9359-9C76-EA5A44761364}.Release|Any CPU.Build.0 = Release|Any CPU
		{849BD140-CA99-BC1E-D26E-D5775FAA2DF9}.Debug|Any CPU.ActiveCfg = Debug|Any CPU
		{849BD140-CA99-BC1E-D26E-D5775FAA2DF9}.Debug|Any CPU.Build.0 = Debug|Any CPU
		{849BD140-CA99-BC1E-D26E-D5775FAA2DF9}.Release|Any CPU.ActiveCfg = Release|Any CPU
		{849BD140-CA99-BC1E-D26E-D5775FAA2DF9}.Release|Any CPU.Build.0 = Release|Any CPU
		{E2417C87-D19A-2D32-C227-55CE3FF5B1F9}.Debug|Any CPU.ActiveCfg = Debug|Any CPU
		{E2417C87-D19A-2D32-C227-55CE3FF5B1F9}.Debug|Any CPU.Build.0 = Debug|Any CPU
		{E2417C87-D19A-2D32-C227-55CE3FF5B1F9}.Release|Any CPU.ActiveCfg = Release|Any CPU
		{E2417C87-D19A-2D32-C227-55CE3FF5B1F9}.Release|Any CPU.Build.0 = Release|Any CPU
		{8B41C492-1861-A4DD-A94C-219704B55D74}.Debug|Any CPU.ActiveCfg = Debug|Any CPU
		{8B41C492-1861-A4DD-A94C-219704B55D74}.Debug|Any CPU.Build.0 = Debug|Any CPU
		{8B41C492-1861-A4DD-A94C-219704B55D74}.Release|Any CPU.ActiveCfg = Release|Any CPU
		{8B41C492-1861-A4DD-A94C-219704B55D74}.Release|Any CPU.Build.0 = Release|Any CPU
		{DA97270E-5D65-CA00-B5E3-37B920C3CC4C}.Debug|Any CPU.ActiveCfg = Debug|Any CPU
		{DA97270E-5D65-CA00-B5E3-37B920C3CC4C}.Debug|Any CPU.Build.0 = Debug|Any CPU
		{DA97270E-5D65-CA00-B5E3-37B920C3CC4C}.Release|Any CPU.ActiveCfg = Release|Any CPU
		{DA97270E-5D65-CA00-B5E3-37B920C3CC4C}.Release|Any CPU.Build.0 = Release|Any CPU
		{591FF076-1B4B-3A6F-7D67-6A1EE1247BE1}.Debug|Any CPU.ActiveCfg = Debug|Any CPU
		{591FF076-1B4B-3A6F-7D67-6A1EE1247BE1}.Debug|Any CPU.Build.0 = Debug|Any CPU
		{591FF076-1B4B-3A6F-7D67-6A1EE1247BE1}.Release|Any CPU.ActiveCfg = Release|Any CPU
		{591FF076-1B4B-3A6F-7D67-6A1EE1247BE1}.Release|Any CPU.Build.0 = Release|Any CPU
		{8CF76A2C-1B09-B937-DE79-751FD3DDE221}.Debug|Any CPU.ActiveCfg = Debug|Any CPU
		{8CF76A2C-1B09-B937-DE79-751FD3DDE221}.Debug|Any CPU.Build.0 = Debug|Any CPU
		{8CF76A2C-1B09-B937-DE79-751FD3DDE221}.Release|Any CPU.ActiveCfg = Release|Any CPU
		{8CF76A2C-1B09-B937-DE79-751FD3DDE221}.Release|Any CPU.Build.0 = Release|Any CPU
		{F6607C95-3790-70C4-2CAF-DFE821B85864}.Debug|Any CPU.ActiveCfg = Debug|Any CPU
		{F6607C95-3790-70C4-2CAF-DFE821B85864}.Debug|Any CPU.Build.0 = Debug|Any CPU
		{F6607C95-3790-70C4-2CAF-DFE821B85864}.Release|Any CPU.ActiveCfg = Release|Any CPU
		{F6607C95-3790-70C4-2CAF-DFE821B85864}.Release|Any CPU.Build.0 = Release|Any CPU
		{FDD6E687-DB5D-7843-7200-5B9C7C679706}.Debug|Any CPU.ActiveCfg = Debug|Any CPU
		{FDD6E687-DB5D-7843-7200-5B9C7C679706}.Debug|Any CPU.Build.0 = Debug|Any CPU
		{FDD6E687-DB5D-7843-7200-5B9C7C679706}.Release|Any CPU.ActiveCfg = Release|Any CPU
		{FDD6E687-DB5D-7843-7200-5B9C7C679706}.Release|Any CPU.Build.0 = Release|Any CPU
		{62923456-283A-E392-F765-16D877B7B299}.Debug|Any CPU.ActiveCfg = Debug|Any CPU
		{62923456-283A-E392-F765-16D877B7B299}.Debug|Any CPU.Build.0 = Debug|Any CPU
		{62923456-283A-E392-F765-16D877B7B299}.Release|Any CPU.ActiveCfg = Release|Any CPU
		{62923456-283A-E392-F765-16D877B7B299}.Release|Any CPU.Build.0 = Release|Any CPU
		{E9CDB736-6AFA-9858-1D6E-0968E29D02AC}.Debug|Any CPU.ActiveCfg = Debug|Any CPU
		{E9CDB736-6AFA-9858-1D6E-0968E29D02AC}.Debug|Any CPU.Build.0 = Debug|Any CPU
		{E9CDB736-6AFA-9858-1D6E-0968E29D02AC}.Release|Any CPU.ActiveCfg = Release|Any CPU
		{E9CDB736-6AFA-9858-1D6E-0968E29D02AC}.Release|Any CPU.Build.0 = Release|Any CPU
		{A4D26759-59AD-3AF6-51B9-1E5046B075E2}.Debug|Any CPU.ActiveCfg = Debug|Any CPU
		{A4D26759-59AD-3AF6-51B9-1E5046B075E2}.Debug|Any CPU.Build.0 = Debug|Any CPU
		{A4D26759-59AD-3AF6-51B9-1E5046B075E2}.Release|Any CPU.ActiveCfg = Release|Any CPU
		{A4D26759-59AD-3AF6-51B9-1E5046B075E2}.Release|Any CPU.Build.0 = Release|Any CPU
		{3E962491-1BB1-63CE-CE4A-AE6CD0D9E4A2}.Debug|Any CPU.ActiveCfg = Debug|Any CPU
		{3E962491-1BB1-63CE-CE4A-AE6CD0D9E4A2}.Debug|Any CPU.Build.0 = Debug|Any CPU
		{3E962491-1BB1-63CE-CE4A-AE6CD0D9E4A2}.Release|Any CPU.ActiveCfg = Release|Any CPU
		{3E962491-1BB1-63CE-CE4A-AE6CD0D9E4A2}.Release|Any CPU.Build.0 = Release|Any CPU
		{5444B549-49EF-61E5-7EC6-6B1F08428998}.Debug|Any CPU.ActiveCfg = Debug|Any CPU
		{5444B549-49EF-61E5-7EC6-6B1F08428998}.Debug|Any CPU.Build.0 = Debug|Any CPU
		{5444B549-49EF-61E5-7EC6-6B1F08428998}.Release|Any CPU.ActiveCfg = Release|Any CPU
		{5444B549-49EF-61E5-7EC6-6B1F08428998}.Release|Any CPU.Build.0 = Release|Any CPU
	EndGlobalSection
	GlobalSection(SolutionProperties) = preSolution
		HideSolutionNode = FALSE
	EndGlobalSection
EndGlobal
